// !$*UTF8*$!
{
	archiveVersion = 1;
	classes = {
	};
	objectVersion = 46;
	objects = {

/* Begin PBXBuildFile section */
		CAA7F1191BB98B8F00A788C5 /* main.m in Sources */ = {isa = PBXBuildFile; fileRef = CAA7F1181BB98B8F00A788C5 /* main.m */; };
		CAA7F11C1BB98B8F00A788C5 /* AppDelegate.m in Sources */ = {isa = PBXBuildFile; fileRef = CAA7F11B1BB98B8F00A788C5 /* AppDelegate.m */; };
		CAA7F11F1BB98B8F00A788C5 /* ViewController.m in Sources */ = {isa = PBXBuildFile; fileRef = CAA7F11E1BB98B8F00A788C5 /* ViewController.m */; };
		CAA7F1221BB98B8F00A788C5 /* Main.storyboard in Resources */ = {isa = PBXBuildFile; fileRef = CAA7F1201BB98B8F00A788C5 /* Main.storyboard */; };
		CAA7F1241BB98B8F00A788C5 /* Assets.xcassets in Resources */ = {isa = PBXBuildFile; fileRef = CAA7F1231BB98B8F00A788C5 /* Assets.xcassets */; };
		CAA7F1271BB98B8F00A788C5 /* LaunchScreen.storyboard in Resources */ = {isa = PBXBuildFile; fileRef = CAA7F1251BB98B8F00A788C5 /* LaunchScreen.storyboard */; };
		CAA7F1321BB98B8F00A788C5 /* GHLoadingImageViewTests.m in Sources */ = {isa = PBXBuildFile; fileRef = CAA7F1311BB98B8F00A788C5 /* GHLoadingImageViewTests.m */; };
		CAA7F1421BB9972B00A788C5 /* GHLoadingImageViewSize.m in Sources */ = {isa = PBXBuildFile; fileRef = CAA7F1411BB9972B00A788C5 /* GHLoadingImageViewSize.m */; settings = {ASSET_TAGS = (); }; };
		CAA7F1441BB99ACE00A788C5 /* placeholdImage.png in Resources */ = {isa = PBXBuildFile; fileRef = CAA7F1431BB99ACE00A788C5 /* placeholdImage.png */; settings = {ASSET_TAGS = (); }; };
		CAA7F1671BB99D1100A788C5 /* MKAnnotationView+WebCache.m in Sources */ = {isa = PBXBuildFile; fileRef = CAA7F1471BB99D1100A788C5 /* MKAnnotationView+WebCache.m */; settings = {ASSET_TAGS = (); }; };
		CAA7F1681BB99D1100A788C5 /* NSData+ImageContentType.m in Sources */ = {isa = PBXBuildFile; fileRef = CAA7F1491BB99D1100A788C5 /* NSData+ImageContentType.m */; settings = {ASSET_TAGS = (); }; };
		CAA7F1691BB99D1100A788C5 /* SDImageCache.m in Sources */ = {isa = PBXBuildFile; fileRef = CAA7F14B1BB99D1100A788C5 /* SDImageCache.m */; settings = {ASSET_TAGS = (); }; };
		CAA7F16A1BB99D1100A788C5 /* SDWebImageCompat.m in Sources */ = {isa = PBXBuildFile; fileRef = CAA7F14D1BB99D1100A788C5 /* SDWebImageCompat.m */; settings = {ASSET_TAGS = (); }; };
		CAA7F16B1BB99D1100A788C5 /* SDWebImageDecoder.m in Sources */ = {isa = PBXBuildFile; fileRef = CAA7F14F1BB99D1100A788C5 /* SDWebImageDecoder.m */; settings = {ASSET_TAGS = (); }; };
		CAA7F16C1BB99D1100A788C5 /* SDWebImageDownloader.m in Sources */ = {isa = PBXBuildFile; fileRef = CAA7F1511BB99D1100A788C5 /* SDWebImageDownloader.m */; settings = {ASSET_TAGS = (); }; };
		CAA7F16D1BB99D1100A788C5 /* SDWebImageDownloaderOperation.m in Sources */ = {isa = PBXBuildFile; fileRef = CAA7F1531BB99D1100A788C5 /* SDWebImageDownloaderOperation.m */; settings = {ASSET_TAGS = (); }; };
		CAA7F16E1BB99D1100A788C5 /* SDWebImageManager.m in Sources */ = {isa = PBXBuildFile; fileRef = CAA7F1551BB99D1100A788C5 /* SDWebImageManager.m */; settings = {ASSET_TAGS = (); }; };
		CAA7F16F1BB99D1100A788C5 /* SDWebImagePrefetcher.m in Sources */ = {isa = PBXBuildFile; fileRef = CAA7F1581BB99D1100A788C5 /* SDWebImagePrefetcher.m */; settings = {ASSET_TAGS = (); }; };
		CAA7F1701BB99D1100A788C5 /* UIButton+WebCache.m in Sources */ = {isa = PBXBuildFile; fileRef = CAA7F15A1BB99D1100A788C5 /* UIButton+WebCache.m */; settings = {ASSET_TAGS = (); }; };
		CAA7F1711BB99D1100A788C5 /* UIImage+GIF.m in Sources */ = {isa = PBXBuildFile; fileRef = CAA7F15C1BB99D1100A788C5 /* UIImage+GIF.m */; settings = {ASSET_TAGS = (); }; };
		CAA7F1721BB99D1100A788C5 /* UIImage+MultiFormat.m in Sources */ = {isa = PBXBuildFile; fileRef = CAA7F15E1BB99D1100A788C5 /* UIImage+MultiFormat.m */; settings = {ASSET_TAGS = (); }; };
		CAA7F1731BB99D1100A788C5 /* UIImage+WebP.m in Sources */ = {isa = PBXBuildFile; fileRef = CAA7F1601BB99D1100A788C5 /* UIImage+WebP.m */; settings = {ASSET_TAGS = (); }; };
		CAA7F1741BB99D1100A788C5 /* UIImageView+HighlightedWebCache.m in Sources */ = {isa = PBXBuildFile; fileRef = CAA7F1621BB99D1100A788C5 /* UIImageView+HighlightedWebCache.m */; settings = {ASSET_TAGS = (); }; };
		CAA7F1751BB99D1100A788C5 /* UIImageView+WebCache.m in Sources */ = {isa = PBXBuildFile; fileRef = CAA7F1641BB99D1100A788C5 /* UIImageView+WebCache.m */; settings = {ASSET_TAGS = (); }; };
		CAA7F1761BB99D1100A788C5 /* UIView+WebCacheOperation.m in Sources */ = {isa = PBXBuildFile; fileRef = CAA7F1661BB99D1100A788C5 /* UIView+WebCacheOperation.m */; settings = {ASSET_TAGS = (); }; };
		CAA7F1791BB9A4EB00A788C5 /* GHLoadingImageView.m in Sources */ = {isa = PBXBuildFile; fileRef = CAA7F1781BB9A4EB00A788C5 /* GHLoadingImageView.m */; settings = {ASSET_TAGS = (); }; };
/* End PBXBuildFile section */

/* Begin PBXContainerItemProxy section */
		CAA7F12E1BB98B8F00A788C5 /* PBXContainerItemProxy */ = {
			isa = PBXContainerItemProxy;
			containerPortal = CAA7F10C1BB98B8F00A788C5 /* Project object */;
			proxyType = 1;
			remoteGlobalIDString = CAA7F1131BB98B8F00A788C5;
			remoteInfo = GHLoadingImageView;
		};
/* End PBXContainerItemProxy section */

/* Begin PBXFileReference section */
		CAA7F1141BB98B8F00A788C5 /* GHLoadingImageView.app */ = {isa = PBXFileReference; explicitFileType = wrapper.application; includeInIndex = 0; path = GHLoadingImageView.app; sourceTree = BUILT_PRODUCTS_DIR; };
		CAA7F1181BB98B8F00A788C5 /* main.m */ = {isa = PBXFileReference; lastKnownFileType = sourcecode.c.objc; path = main.m; sourceTree = "<group>"; };
		CAA7F11A1BB98B8F00A788C5 /* AppDelegate.h */ = {isa = PBXFileReference; lastKnownFileType = sourcecode.c.h; path = AppDelegate.h; sourceTree = "<group>"; };
		CAA7F11B1BB98B8F00A788C5 /* AppDelegate.m */ = {isa = PBXFileReference; lastKnownFileType = sourcecode.c.objc; path = AppDelegate.m; sourceTree = "<group>"; };
		CAA7F11D1BB98B8F00A788C5 /* ViewController.h */ = {isa = PBXFileReference; lastKnownFileType = sourcecode.c.h; path = ViewController.h; sourceTree = "<group>"; };
		CAA7F11E1BB98B8F00A788C5 /* ViewController.m */ = {isa = PBXFileReference; lastKnownFileType = sourcecode.c.objc; path = ViewController.m; sourceTree = "<group>"; };
		CAA7F1211BB98B8F00A788C5 /* Base */ = {isa = PBXFileReference; lastKnownFileType = file.storyboard; name = Base; path = Base.lproj/Main.storyboard; sourceTree = "<group>"; };
		CAA7F1231BB98B8F00A788C5 /* Assets.xcassets */ = {isa = PBXFileReference; lastKnownFileType = folder.assetcatalog; path = Assets.xcassets; sourceTree = "<group>"; };
		CAA7F1261BB98B8F00A788C5 /* Base */ = {isa = PBXFileReference; lastKnownFileType = file.storyboard; name = Base; path = Base.lproj/LaunchScreen.storyboard; sourceTree = "<group>"; };
		CAA7F1281BB98B8F00A788C5 /* Info.plist */ = {isa = PBXFileReference; lastKnownFileType = text.plist.xml; path = Info.plist; sourceTree = "<group>"; };
		CAA7F12D1BB98B8F00A788C5 /* GHLoadingImageViewTests.xctest */ = {isa = PBXFileReference; explicitFileType = wrapper.cfbundle; includeInIndex = 0; path = GHLoadingImageViewTests.xctest; sourceTree = BUILT_PRODUCTS_DIR; };
		CAA7F1311BB98B8F00A788C5 /* GHLoadingImageViewTests.m */ = {isa = PBXFileReference; lastKnownFileType = sourcecode.c.objc; path = GHLoadingImageViewTests.m; sourceTree = "<group>"; };
		CAA7F1331BB98B8F00A788C5 /* Info.plist */ = {isa = PBXFileReference; lastKnownFileType = text.plist.xml; path = Info.plist; sourceTree = "<group>"; };
		CAA7F1401BB9972B00A788C5 /* GHLoadingImageViewSize.h */ = {isa = PBXFileReference; fileEncoding = 4; lastKnownFileType = sourcecode.c.h; path = GHLoadingImageViewSize.h; sourceTree = "<group>"; };
		CAA7F1411BB9972B00A788C5 /* GHLoadingImageViewSize.m */ = {isa = PBXFileReference; fileEncoding = 4; lastKnownFileType = sourcecode.c.objc; path = GHLoadingImageViewSize.m; sourceTree = "<group>"; };
		CAA7F1431BB99ACE00A788C5 /* placeholdImage.png */ = {isa = PBXFileReference; lastKnownFileType = image.png; path = placeholdImage.png; sourceTree = "<group>"; };
		CAA7F1461BB99D1100A788C5 /* MKAnnotationView+WebCache.h */ = {isa = PBXFileReference; fileEncoding = 4; lastKnownFileType = sourcecode.c.h; path = "MKAnnotationView+WebCache.h"; sourceTree = "<group>"; };
		CAA7F1471BB99D1100A788C5 /* MKAnnotationView+WebCache.m */ = {isa = PBXFileReference; fileEncoding = 4; lastKnownFileType = sourcecode.c.objc; path = "MKAnnotationView+WebCache.m"; sourceTree = "<group>"; };
		CAA7F1481BB99D1100A788C5 /* NSData+ImageContentType.h */ = {isa = PBXFileReference; fileEncoding = 4; lastKnownFileType = sourcecode.c.h; path = "NSData+ImageContentType.h"; sourceTree = "<group>"; };
		CAA7F1491BB99D1100A788C5 /* NSData+ImageContentType.m */ = {isa = PBXFileReference; fileEncoding = 4; lastKnownFileType = sourcecode.c.objc; path = "NSData+ImageContentType.m"; sourceTree = "<group>"; };
		CAA7F14A1BB99D1100A788C5 /* SDImageCache.h */ = {isa = PBXFileReference; fileEncoding = 4; lastKnownFileType = sourcecode.c.h; path = SDImageCache.h; sourceTree = "<group>"; };
		CAA7F14B1BB99D1100A788C5 /* SDImageCache.m */ = {isa = PBXFileReference; fileEncoding = 4; lastKnownFileType = sourcecode.c.objc; path = SDImageCache.m; sourceTree = "<group>"; };
		CAA7F14C1BB99D1100A788C5 /* SDWebImageCompat.h */ = {isa = PBXFileReference; fileEncoding = 4; lastKnownFileType = sourcecode.c.h; path = SDWebImageCompat.h; sourceTree = "<group>"; };
		CAA7F14D1BB99D1100A788C5 /* SDWebImageCompat.m */ = {isa = PBXFileReference; fileEncoding = 4; lastKnownFileType = sourcecode.c.objc; path = SDWebImageCompat.m; sourceTree = "<group>"; };
		CAA7F14E1BB99D1100A788C5 /* SDWebImageDecoder.h */ = {isa = PBXFileReference; fileEncoding = 4; lastKnownFileType = sourcecode.c.h; path = SDWebImageDecoder.h; sourceTree = "<group>"; };
		CAA7F14F1BB99D1100A788C5 /* SDWebImageDecoder.m */ = {isa = PBXFileReference; fileEncoding = 4; lastKnownFileType = sourcecode.c.objc; path = SDWebImageDecoder.m; sourceTree = "<group>"; };
		CAA7F1501BB99D1100A788C5 /* SDWebImageDownloader.h */ = {isa = PBXFileReference; fileEncoding = 4; lastKnownFileType = sourcecode.c.h; path = SDWebImageDownloader.h; sourceTree = "<group>"; };
		CAA7F1511BB99D1100A788C5 /* SDWebImageDownloader.m */ = {isa = PBXFileReference; fileEncoding = 4; lastKnownFileType = sourcecode.c.objc; path = SDWebImageDownloader.m; sourceTree = "<group>"; };
		CAA7F1521BB99D1100A788C5 /* SDWebImageDownloaderOperation.h */ = {isa = PBXFileReference; fileEncoding = 4; lastKnownFileType = sourcecode.c.h; path = SDWebImageDownloaderOperation.h; sourceTree = "<group>"; };
		CAA7F1531BB99D1100A788C5 /* SDWebImageDownloaderOperation.m */ = {isa = PBXFileReference; fileEncoding = 4; lastKnownFileType = sourcecode.c.objc; path = SDWebImageDownloaderOperation.m; sourceTree = "<group>"; };
		CAA7F1541BB99D1100A788C5 /* SDWebImageManager.h */ = {isa = PBXFileReference; fileEncoding = 4; lastKnownFileType = sourcecode.c.h; path = SDWebImageManager.h; sourceTree = "<group>"; };
		CAA7F1551BB99D1100A788C5 /* SDWebImageManager.m */ = {isa = PBXFileReference; fileEncoding = 4; lastKnownFileType = sourcecode.c.objc; path = SDWebImageManager.m; sourceTree = "<group>"; };
		CAA7F1561BB99D1100A788C5 /* SDWebImageOperation.h */ = {isa = PBXFileReference; fileEncoding = 4; lastKnownFileType = sourcecode.c.h; path = SDWebImageOperation.h; sourceTree = "<group>"; };
		CAA7F1571BB99D1100A788C5 /* SDWebImagePrefetcher.h */ = {isa = PBXFileReference; fileEncoding = 4; lastKnownFileType = sourcecode.c.h; path = SDWebImagePrefetcher.h; sourceTree = "<group>"; };
		CAA7F1581BB99D1100A788C5 /* SDWebImagePrefetcher.m */ = {isa = PBXFileReference; fileEncoding = 4; lastKnownFileType = sourcecode.c.objc; path = SDWebImagePrefetcher.m; sourceTree = "<group>"; };
		CAA7F1591BB99D1100A788C5 /* UIButton+WebCache.h */ = {isa = PBXFileReference; fileEncoding = 4; lastKnownFileType = sourcecode.c.h; path = "UIButton+WebCache.h"; sourceTree = "<group>"; };
		CAA7F15A1BB99D1100A788C5 /* UIButton+WebCache.m */ = {isa = PBXFileReference; fileEncoding = 4; lastKnownFileType = sourcecode.c.objc; path = "UIButton+WebCache.m"; sourceTree = "<group>"; };
		CAA7F15B1BB99D1100A788C5 /* UIImage+GIF.h */ = {isa = PBXFileReference; fileEncoding = 4; lastKnownFileType = sourcecode.c.h; path = "UIImage+GIF.h"; sourceTree = "<group>"; };
		CAA7F15C1BB99D1100A788C5 /* UIImage+GIF.m */ = {isa = PBXFileReference; fileEncoding = 4; lastKnownFileType = sourcecode.c.objc; path = "UIImage+GIF.m"; sourceTree = "<group>"; };
		CAA7F15D1BB99D1100A788C5 /* UIImage+MultiFormat.h */ = {isa = PBXFileReference; fileEncoding = 4; lastKnownFileType = sourcecode.c.h; path = "UIImage+MultiFormat.h"; sourceTree = "<group>"; };
		CAA7F15E1BB99D1100A788C5 /* UIImage+MultiFormat.m */ = {isa = PBXFileReference; fileEncoding = 4; lastKnownFileType = sourcecode.c.objc; path = "UIImage+MultiFormat.m"; sourceTree = "<group>"; };
		CAA7F15F1BB99D1100A788C5 /* UIImage+WebP.h */ = {isa = PBXFileReference; fileEncoding = 4; lastKnownFileType = sourcecode.c.h; path = "UIImage+WebP.h"; sourceTree = "<group>"; };
		CAA7F1601BB99D1100A788C5 /* UIImage+WebP.m */ = {isa = PBXFileReference; fileEncoding = 4; lastKnownFileType = sourcecode.c.objc; path = "UIImage+WebP.m"; sourceTree = "<group>"; };
		CAA7F1611BB99D1100A788C5 /* UIImageView+HighlightedWebCache.h */ = {isa = PBXFileReference; fileEncoding = 4; lastKnownFileType = sourcecode.c.h; path = "UIImageView+HighlightedWebCache.h"; sourceTree = "<group>"; };
		CAA7F1621BB99D1100A788C5 /* UIImageView+HighlightedWebCache.m */ = {isa = PBXFileReference; fileEncoding = 4; lastKnownFileType = sourcecode.c.objc; path = "UIImageView+HighlightedWebCache.m"; sourceTree = "<group>"; };
		CAA7F1631BB99D1100A788C5 /* UIImageView+WebCache.h */ = {isa = PBXFileReference; fileEncoding = 4; lastKnownFileType = sourcecode.c.h; path = "UIImageView+WebCache.h"; sourceTree = "<group>"; };
		CAA7F1641BB99D1100A788C5 /* UIImageView+WebCache.m */ = {isa = PBXFileReference; fileEncoding = 4; lastKnownFileType = sourcecode.c.objc; path = "UIImageView+WebCache.m"; sourceTree = "<group>"; };
		CAA7F1651BB99D1100A788C5 /* UIView+WebCacheOperation.h */ = {isa = PBXFileReference; fileEncoding = 4; lastKnownFileType = sourcecode.c.h; path = "UIView+WebCacheOperation.h"; sourceTree = "<group>"; };
		CAA7F1661BB99D1100A788C5 /* UIView+WebCacheOperation.m */ = {isa = PBXFileReference; fileEncoding = 4; lastKnownFileType = sourcecode.c.objc; path = "UIView+WebCacheOperation.m"; sourceTree = "<group>"; };
		CAA7F1771BB9A4EB00A788C5 /* GHLoadingImageView.h */ = {isa = PBXFileReference; fileEncoding = 4; lastKnownFileType = sourcecode.c.h; path = GHLoadingImageView.h; sourceTree = "<group>"; };
		CAA7F1781BB9A4EB00A788C5 /* GHLoadingImageView.m */ = {isa = PBXFileReference; fileEncoding = 4; lastKnownFileType = sourcecode.c.objc; path = GHLoadingImageView.m; sourceTree = "<group>"; };
/* End PBXFileReference section */

/* Begin PBXFrameworksBuildPhase section */
		CAA7F1111BB98B8F00A788C5 /* Frameworks */ = {
			isa = PBXFrameworksBuildPhase;
			buildActionMask = 2147483647;
			files = (
			);
			runOnlyForDeploymentPostprocessing = 0;
		};
		CAA7F12A1BB98B8F00A788C5 /* Frameworks */ = {
			isa = PBXFrameworksBuildPhase;
			buildActionMask = 2147483647;
			files = (
			);
			runOnlyForDeploymentPostprocessing = 0;
		};
/* End PBXFrameworksBuildPhase section */

/* Begin PBXGroup section */
		CAA7F10B1BB98B8F00A788C5 = {
			isa = PBXGroup;
			children = (
				CAA7F1161BB98B8F00A788C5 /* GHLoadingImageView */,
				CAA7F1301BB98B8F00A788C5 /* GHLoadingImageViewTests */,
				CAA7F1151BB98B8F00A788C5 /* Products */,
			);
			sourceTree = "<group>";
		};
		CAA7F1151BB98B8F00A788C5 /* Products */ = {
			isa = PBXGroup;
			children = (
				CAA7F1141BB98B8F00A788C5 /* GHLoadingImageView.app */,
				CAA7F12D1BB98B8F00A788C5 /* GHLoadingImageViewTests.xctest */,
			);
			name = Products;
			sourceTree = "<group>";
		};
		CAA7F1161BB98B8F00A788C5 /* GHLoadingImageView */ = {
			isa = PBXGroup;
			children = (
				CAA7F1451BB99D1100A788C5 /* SDWebImage */,
				CAA7F13F1BB996BF00A788C5 /* instrumentTools */,
				CAA7F11A1BB98B8F00A788C5 /* AppDelegate.h */,
				CAA7F11B1BB98B8F00A788C5 /* AppDelegate.m */,
				CAA7F11D1BB98B8F00A788C5 /* ViewController.h */,
				CAA7F11E1BB98B8F00A788C5 /* ViewController.m */,
				CAA7F1201BB98B8F00A788C5 /* Main.storyboard */,
				CAA7F1231BB98B8F00A788C5 /* Assets.xcassets */,
				CAA7F1251BB98B8F00A788C5 /* LaunchScreen.storyboard */,
				CAA7F1281BB98B8F00A788C5 /* Info.plist */,
				CAA7F1171BB98B8F00A788C5 /* Supporting Files */,
			);
			path = GHLoadingImageView;
			sourceTree = "<group>";
		};
		CAA7F1171BB98B8F00A788C5 /* Supporting Files */ = {
			isa = PBXGroup;
			children = (
				CAA7F1181BB98B8F00A788C5 /* main.m */,
			);
			name = "Supporting Files";
			sourceTree = "<group>";
		};
		CAA7F1301BB98B8F00A788C5 /* GHLoadingImageViewTests */ = {
			isa = PBXGroup;
			children = (
				CAA7F1311BB98B8F00A788C5 /* GHLoadingImageViewTests.m */,
				CAA7F1331BB98B8F00A788C5 /* Info.plist */,
			);
			path = GHLoadingImageViewTests;
			sourceTree = "<group>";
		};
		CAA7F13F1BB996BF00A788C5 /* instrumentTools */ = {
			isa = PBXGroup;
			children = (
				CAA7F1431BB99ACE00A788C5 /* placeholdImage.png */,
				CAA7F1401BB9972B00A788C5 /* GHLoadingImageViewSize.h */,
				CAA7F1411BB9972B00A788C5 /* GHLoadingImageViewSize.m */,
				CAA7F1771BB9A4EB00A788C5 /* GHLoadingImageView.h */,
				CAA7F1781BB9A4EB00A788C5 /* GHLoadingImageView.m */,
			);
			path = instrumentTools;
			sourceTree = "<group>";
		};
		CAA7F1451BB99D1100A788C5 /* SDWebImage */ = {
			isa = PBXGroup;
			children = (
				CAA7F1461BB99D1100A788C5 /* MKAnnotationView+WebCache.h */,
				CAA7F1471BB99D1100A788C5 /* MKAnnotationView+WebCache.m */,
				CAA7F1481BB99D1100A788C5 /* NSData+ImageContentType.h */,
				CAA7F1491BB99D1100A788C5 /* NSData+ImageContentType.m */,
				CAA7F14A1BB99D1100A788C5 /* SDImageCache.h */,
				CAA7F14B1BB99D1100A788C5 /* SDImageCache.m */,
				CAA7F14C1BB99D1100A788C5 /* SDWebImageCompat.h */,
				CAA7F14D1BB99D1100A788C5 /* SDWebImageCompat.m */,
				CAA7F14E1BB99D1100A788C5 /* SDWebImageDecoder.h */,
				CAA7F14F1BB99D1100A788C5 /* SDWebImageDecoder.m */,
				CAA7F1501BB99D1100A788C5 /* SDWebImageDownloader.h */,
				CAA7F1511BB99D1100A788C5 /* SDWebImageDownloader.m */,
				CAA7F1521BB99D1100A788C5 /* SDWebImageDownloaderOperation.h */,
				CAA7F1531BB99D1100A788C5 /* SDWebImageDownloaderOperation.m */,
				CAA7F1541BB99D1100A788C5 /* SDWebImageManager.h */,
				CAA7F1551BB99D1100A788C5 /* SDWebImageManager.m */,
				CAA7F1561BB99D1100A788C5 /* SDWebImageOperation.h */,
				CAA7F1571BB99D1100A788C5 /* SDWebImagePrefetcher.h */,
				CAA7F1581BB99D1100A788C5 /* SDWebImagePrefetcher.m */,
				CAA7F1591BB99D1100A788C5 /* UIButton+WebCache.h */,
				CAA7F15A1BB99D1100A788C5 /* UIButton+WebCache.m */,
				CAA7F15B1BB99D1100A788C5 /* UIImage+GIF.h */,
				CAA7F15C1BB99D1100A788C5 /* UIImage+GIF.m */,
				CAA7F15D1BB99D1100A788C5 /* UIImage+MultiFormat.h */,
				CAA7F15E1BB99D1100A788C5 /* UIImage+MultiFormat.m */,
				CAA7F15F1BB99D1100A788C5 /* UIImage+WebP.h */,
				CAA7F1601BB99D1100A788C5 /* UIImage+WebP.m */,
				CAA7F1611BB99D1100A788C5 /* UIImageView+HighlightedWebCache.h */,
				CAA7F1621BB99D1100A788C5 /* UIImageView+HighlightedWebCache.m */,
				CAA7F1631BB99D1100A788C5 /* UIImageView+WebCache.h */,
				CAA7F1641BB99D1100A788C5 /* UIImageView+WebCache.m */,
				CAA7F1651BB99D1100A788C5 /* UIView+WebCacheOperation.h */,
				CAA7F1661BB99D1100A788C5 /* UIView+WebCacheOperation.m */,
			);
			path = SDWebImage;
			sourceTree = "<group>";
		};
/* End PBXGroup section */

/* Begin PBXNativeTarget section */
		CAA7F1131BB98B8F00A788C5 /* GHLoadingImageView */ = {
			isa = PBXNativeTarget;
			buildConfigurationList = CAA7F1361BB98B8F00A788C5 /* Build configuration list for PBXNativeTarget "GHLoadingImageView" */;
			buildPhases = (
				CAA7F1101BB98B8F00A788C5 /* Sources */,
				CAA7F1111BB98B8F00A788C5 /* Frameworks */,
				CAA7F1121BB98B8F00A788C5 /* Resources */,
			);
			buildRules = (
			);
			dependencies = (
			);
			name = GHLoadingImageView;
			productName = GHLoadingImageView;
			productReference = CAA7F1141BB98B8F00A788C5 /* GHLoadingImageView.app */;
			productType = "com.apple.product-type.application";
		};
		CAA7F12C1BB98B8F00A788C5 /* GHLoadingImageViewTests */ = {
			isa = PBXNativeTarget;
			buildConfigurationList = CAA7F1391BB98B8F00A788C5 /* Build configuration list for PBXNativeTarget "GHLoadingImageViewTests" */;
			buildPhases = (
				CAA7F1291BB98B8F00A788C5 /* Sources */,
				CAA7F12A1BB98B8F00A788C5 /* Frameworks */,
				CAA7F12B1BB98B8F00A788C5 /* Resources */,
			);
			buildRules = (
			);
			dependencies = (
				CAA7F12F1BB98B8F00A788C5 /* PBXTargetDependency */,
			);
			name = GHLoadingImageViewTests;
			productName = GHLoadingImageViewTests;
			productReference = CAA7F12D1BB98B8F00A788C5 /* GHLoadingImageViewTests.xctest */;
			productType = "com.apple.product-type.bundle.unit-test";
		};
/* End PBXNativeTarget section */

/* Begin PBXProject section */
		CAA7F10C1BB98B8F00A788C5 /* Project object */ = {
			isa = PBXProject;
			attributes = {
				LastUpgradeCheck = 0700;
				ORGANIZATIONNAME = WGH;
				TargetAttributes = {
					CAA7F1131BB98B8F00A788C5 = {
						CreatedOnToolsVersion = 7.0;
					};
					CAA7F12C1BB98B8F00A788C5 = {
						CreatedOnToolsVersion = 7.0;
						TestTargetID = CAA7F1131BB98B8F00A788C5;
					};
				};
			};
			buildConfigurationList = CAA7F10F1BB98B8F00A788C5 /* Build configuration list for PBXProject "GHLoadingImageView" */;
			compatibilityVersion = "Xcode 3.2";
			developmentRegion = English;
			hasScannedForEncodings = 0;
			knownRegions = (
				en,
				Base,
			);
			mainGroup = CAA7F10B1BB98B8F00A788C5;
			productRefGroup = CAA7F1151BB98B8F00A788C5 /* Products */;
			projectDirPath = "";
			projectRoot = "";
			targets = (
				CAA7F1131BB98B8F00A788C5 /* GHLoadingImageView */,
				CAA7F12C1BB98B8F00A788C5 /* GHLoadingImageViewTests */,
			);
		};
/* End PBXProject section */

/* Begin PBXResourcesBuildPhase section */
		CAA7F1121BB98B8F00A788C5 /* Resources */ = {
			isa = PBXResourcesBuildPhase;
			buildActionMask = 2147483647;
			files = (
				CAA7F1271BB98B8F00A788C5 /* LaunchScreen.storyboard in Resources */,
				CAA7F1241BB98B8F00A788C5 /* Assets.xcassets in Resources */,
				CAA7F1221BB98B8F00A788C5 /* Main.storyboard in Resources */,
				CAA7F1441BB99ACE00A788C5 /* placeholdImage.png in Resources */,
			);
			runOnlyForDeploymentPostprocessing = 0;
		};
		CAA7F12B1BB98B8F00A788C5 /* Resources */ = {
			isa = PBXResourcesBuildPhase;
			buildActionMask = 2147483647;
			files = (
			);
			runOnlyForDeploymentPostprocessing = 0;
		};
/* End PBXResourcesBuildPhase section */

/* Begin PBXSourcesBuildPhase section */
		CAA7F1101BB98B8F00A788C5 /* Sources */ = {
			isa = PBXSourcesBuildPhase;
			buildActionMask = 2147483647;
			files = (
				CAA7F1741BB99D1100A788C5 /* UIImageView+HighlightedWebCache.m in Sources */,
				CAA7F1721BB99D1100A788C5 /* UIImage+MultiFormat.m in Sources */,
				CAA7F16D1BB99D1100A788C5 /* SDWebImageDownloaderOperation.m in Sources */,
				CAA7F11F1BB98B8F00A788C5 /* ViewController.m in Sources */,
				CAA7F16A1BB99D1100A788C5 /* SDWebImageCompat.m in Sources */,
				CAA7F1711BB99D1100A788C5 /* UIImage+GIF.m in Sources */,
				CAA7F16F1BB99D1100A788C5 /* SDWebImagePrefetcher.m in Sources */,
				CAA7F1421BB9972B00A788C5 /* GHLoadingImageViewSize.m in Sources */,
				CAA7F11C1BB98B8F00A788C5 /* AppDelegate.m in Sources */,
				CAA7F1731BB99D1100A788C5 /* UIImage+WebP.m in Sources */,
				CAA7F1751BB99D1100A788C5 /* UIImageView+WebCache.m in Sources */,
				CAA7F16C1BB99D1100A788C5 /* SDWebImageDownloader.m in Sources */,
				CAA7F1761BB99D1100A788C5 /* UIView+WebCacheOperation.m in Sources */,
				CAA7F1701BB99D1100A788C5 /* UIButton+WebCache.m in Sources */,
				CAA7F1671BB99D1100A788C5 /* MKAnnotationView+WebCache.m in Sources */,
				CAA7F1681BB99D1100A788C5 /* NSData+ImageContentType.m in Sources */,
				CAA7F1191BB98B8F00A788C5 /* main.m in Sources */,
				CAA7F16E1BB99D1100A788C5 /* SDWebImageManager.m in Sources */,
				CAA7F16B1BB99D1100A788C5 /* SDWebImageDecoder.m in Sources */,
				CAA7F1791BB9A4EB00A788C5 /* GHLoadingImageView.m in Sources */,
				CAA7F1691BB99D1100A788C5 /* SDImageCache.m in Sources */,
			);
			runOnlyForDeploymentPostprocessing = 0;
		};
		CAA7F1291BB98B8F00A788C5 /* Sources */ = {
			isa = PBXSourcesBuildPhase;
			buildActionMask = 2147483647;
			files = (
				CAA7F1321BB98B8F00A788C5 /* GHLoadingImageViewTests.m in Sources */,
			);
			runOnlyForDeploymentPostprocessing = 0;
		};
/* End PBXSourcesBuildPhase section */

/* Begin PBXTargetDependency section */
		CAA7F12F1BB98B8F00A788C5 /* PBXTargetDependency */ = {
			isa = PBXTargetDependency;
			target = CAA7F1131BB98B8F00A788C5 /* GHLoadingImageView */;
			targetProxy = CAA7F12E1BB98B8F00A788C5 /* PBXContainerItemProxy */;
		};
/* End PBXTargetDependency section */

/* Begin PBXVariantGroup section */
		CAA7F1201BB98B8F00A788C5 /* Main.storyboard */ = {
			isa = PBXVariantGroup;
			children = (
				CAA7F1211BB98B8F00A788C5 /* Base */,
			);
			name = Main.storyboard;
			sourceTree = "<group>";
		};
		CAA7F1251BB98B8F00A788C5 /* LaunchScreen.storyboard */ = {
			isa = PBXVariantGroup;
			children = (
				CAA7F1261BB98B8F00A788C5 /* Base */,
			);
			name = LaunchScreen.storyboard;
			sourceTree = "<group>";
		};
/* End PBXVariantGroup section */

/* Begin XCBuildConfiguration section */
		CAA7F1341BB98B8F00A788C5 /* Debug */ = {
			isa = XCBuildConfiguration;
			buildSettings = {
				ALWAYS_SEARCH_USER_PATHS = NO;
				CLANG_CXX_LANGUAGE_STANDARD = "gnu++0x";
				CLANG_CXX_LIBRARY = "libc++";
				CLANG_ENABLE_MODULES = YES;
				CLANG_ENABLE_OBJC_ARC = YES;
				CLANG_WARN_BOOL_CONVERSION = YES;
				CLANG_WARN_CONSTANT_CONVERSION = YES;
				CLANG_WARN_DIRECT_OBJC_ISA_USAGE = YES_ERROR;
				CLANG_WARN_EMPTY_BODY = YES;
				CLANG_WARN_ENUM_CONVERSION = YES;
				CLANG_WARN_INT_CONVERSION = YES;
				CLANG_WARN_OBJC_ROOT_CLASS = YES_ERROR;
				CLANG_WARN_UNREACHABLE_CODE = YES;
				CLANG_WARN__DUPLICATE_METHOD_MATCH = YES;
				"CODE_SIGN_IDENTITY[sdk=iphoneos*]" = "iPhone Developer";
				COPY_PHASE_STRIP = NO;
				DEBUG_INFORMATION_FORMAT = dwarf;
				ENABLE_STRICT_OBJC_MSGSEND = YES;
				ENABLE_TESTABILITY = YES;
				GCC_C_LANGUAGE_STANDARD = gnu99;
				GCC_DYNAMIC_NO_PIC = NO;
				GCC_NO_COMMON_BLOCKS = YES;
				GCC_OPTIMIZATION_LEVEL = 0;
				GCC_PREPROCESSOR_DEFINITIONS = (
					"DEBUG=1",
					"$(inherited)",
				);
				GCC_WARN_64_TO_32_BIT_CONVERSION = YES;
				GCC_WARN_ABOUT_RETURN_TYPE = YES_ERROR;
				GCC_WARN_UNDECLARED_SELECTOR = YES;
				GCC_WARN_UNINITIALIZED_AUTOS = YES_AGGRESSIVE;
				GCC_WARN_UNUSED_FUNCTION = YES;
				GCC_WARN_UNUSED_VARIABLE = YES;
				IPHONEOS_DEPLOYMENT_TARGET = 9.0;
				MTL_ENABLE_DEBUG_INFO = YES;
				ONLY_ACTIVE_ARCH = YES;
				SDKROOT = iphoneos;
			};
			name = Debug;
		};
		CAA7F1351BB98B8F00A788C5 /* Release */ = {
			isa = XCBuildConfiguration;
			buildSettings = {
				ALWAYS_SEARCH_USER_PATHS = NO;
				CLANG_CXX_LANGUAGE_STANDARD = "gnu++0x";
				CLANG_CXX_LIBRARY = "libc++";
				CLANG_ENABLE_MODULES = YES;
				CLANG_ENABLE_OBJC_ARC = YES;
				CLANG_WARN_BOOL_CONVERSION = YES;
				CLANG_WARN_CONSTANT_CONVERSION = YES;
				CLANG_WARN_DIRECT_OBJC_ISA_USAGE = YES_ERROR;
				CLANG_WARN_EMPTY_BODY = YES;
				CLANG_WARN_ENUM_CONVERSION = YES;
				CLANG_WARN_INT_CONVERSION = YES;
				CLANG_WARN_OBJC_ROOT_CLASS = YES_ERROR;
				CLANG_WARN_UNREACHABLE_CODE = YES;
				CLANG_WARN__DUPLICATE_METHOD_MATCH = YES;
				"CODE_SIGN_IDENTITY[sdk=iphoneos*]" = "iPhone Developer";
				COPY_PHASE_STRIP = NO;
				DEBUG_INFORMATION_FORMAT = "dwarf-with-dsym";
				ENABLE_NS_ASSERTIONS = NO;
				ENABLE_STRICT_OBJC_MSGSEND = YES;
				GCC_C_LANGUAGE_STANDARD = gnu99;
				GCC_NO_COMMON_BLOCKS = YES;
				GCC_WARN_64_TO_32_BIT_CONVERSION = YES;
				GCC_WARN_ABOUT_RETURN_TYPE = YES_ERROR;
				GCC_WARN_UNDECLARED_SELECTOR = YES;
				GCC_WARN_UNINITIALIZED_AUTOS = YES_AGGRESSIVE;
				GCC_WARN_UNUSED_FUNCTION = YES;
				GCC_WARN_UNUSED_VARIABLE = YES;
				IPHONEOS_DEPLOYMENT_TARGET = 9.0;
				MTL_ENABLE_DEBUG_INFO = NO;
				SDKROOT = iphoneos;
				VALIDATE_PRODUCT = YES;
			};
			name = Release;
		};
		CAA7F1371BB98B8F00A788C5 /* Debug */ = {
			isa = XCBuildConfiguration;
			buildSettings = {
				ASSETCATALOG_COMPILER_APPICON_NAME = AppIcon;
				INFOPLIST_FILE = GHLoadingImageView/Info.plist;
				LD_RUNPATH_SEARCH_PATHS = "$(inherited) @executable_path/Frameworks";
				PRODUCT_BUNDLE_IDENTIFIER = wgh.cugb.com.GHLoadingImageView;
				PRODUCT_NAME = "$(TARGET_NAME)";
			};
			name = Debug;
		};
		CAA7F1381BB98B8F00A788C5 /* Release */ = {
			isa = XCBuildConfiguration;
			buildSettings = {
				ASSETCATALOG_COMPILER_APPICON_NAME = AppIcon;
				INFOPLIST_FILE = GHLoadingImageView/Info.plist;
				LD_RUNPATH_SEARCH_PATHS = "$(inherited) @executable_path/Frameworks";
				PRODUCT_BUNDLE_IDENTIFIER = wgh.cugb.com.GHLoadingImageView;
				PRODUCT_NAME = "$(TARGET_NAME)";
			};
			name = Release;
		};
		CAA7F13A1BB98B8F00A788C5 /* Debug */ = {
			isa = XCBuildConfiguration;
			buildSettings = {
				BUNDLE_LOADER = "$(TEST_HOST)";
				INFOPLIST_FILE = GHLoadingImageViewTests/Info.plist;
				LD_RUNPATH_SEARCH_PATHS = "$(inherited) @executable_path/Frameworks @loader_path/Frameworks";
				PRODUCT_BUNDLE_IDENTIFIER = wgh.cugb.com.GHLoadingImageViewTests;
				PRODUCT_NAME = "$(TARGET_NAME)";
				TEST_HOST = "$(BUILT_PRODUCTS_DIR)/GHLoadingImageView.app/GHLoadingImageView";
			};
			name = Debug;
		};
		CAA7F13B1BB98B8F00A788C5 /* Release */ = {
			isa = XCBuildConfiguration;
			buildSettings = {
				BUNDLE_LOADER = "$(TEST_HOST)";
				INFOPLIST_FILE = GHLoadingImageViewTests/Info.plist;
				LD_RUNPATH_SEARCH_PATHS = "$(inherited) @executable_path/Frameworks @loader_path/Frameworks";
				PRODUCT_BUNDLE_IDENTIFIER = wgh.cugb.com.GHLoadingImageViewTests;
				PRODUCT_NAME = "$(TARGET_NAME)";
				TEST_HOST = "$(BUILT_PRODUCTS_DIR)/GHLoadingImageView.app/GHLoadingImageView";
			};
			name = Release;
		};
/* End XCBuildConfiguration section */

/* Begin XCConfigurationList section */
		CAA7F10F1BB98B8F00A788C5 /* Build configuration list for PBXProject "GHLoadingImageView" */ = {
			isa = XCConfigurationList;
			buildConfigurations = (
				CAA7F1341BB98B8F00A788C5 /* Debug */,
				CAA7F1351BB98B8F00A788C5 /* Release */,
			);
			defaultConfigurationIsVisible = 0;
			defaultConfigurationName = Release;
		};
		CAA7F1361BB98B8F00A788C5 /* Build configuration list for PBXNativeTarget "GHLoadingImageView" */ = {
			isa = XCConfigurationList;
			buildConfigurations = (
				CAA7F1371BB98B8F00A788C5 /* Debug */,
				CAA7F1381BB98B8F00A788C5 /* Release */,
			);
			defaultConfigurationIsVisible = 0;
			defaultConfigurationName = Release;
		};
		CAA7F1391BB98B8F00A788C5 /* Build configuration list for PBXNativeTarget "GHLoadingImageViewTests" */ = {
			isa = XCConfigurationList;
			buildConfigurations = (
				CAA7F13A1BB98B8F00A788C5 /* Debug */,
				CAA7F13B1BB98B8F00A788C5 /* Release */,
			);
			defaultConfigurationIsVisible = 0;
			defaultConfigurationName = Release;
		};
/* End XCConfigurationList section */
	};
	rootObject = CAA7F10C1BB98B8F00A788C5 /* Project object */;
}
